{
  "nodes": {
    "nixpkgs": {
      "locked": {
        "lastModified": 1749317353,
        "narHash": "sha256-zQfGy6MFo9eHJqnKc5EnV+JLrNtZMxLCe/hHdkBPRww=",
        "owner": "nixos",
        "repo": "nixpkgs",
        "rev": "ee2ee4d2991d74cf851e46d6bd8c4ea3988dd9ac",
        "type": "github"
      },
      "original": {
        "owner": "nixos",
        "ref": "release-25.05",
        "repo": "nixpkgs",
        "type": "github"
      }
    },
    "root": {
      "inputs": {
        "nixpkgs": "nixpkgs",
        "wlroots-tris": "wlroots-tris"
      }
    },
    "wlroots-tris": {
      "inputs": {
        "nixpkgs": [
          "nixpkgs"
        ]
      },
      "locked": {
        "lastModified": 1742754057,
        "narHash": "sha256-kavKxFBLMlxiT+RHTlvgIIKyf9Q38jXZymxq7x5VGro=",
        "owner": "an-empty-string",
        "repo": "wlroots-hacks",
        "rev": "5e1fd11c3938058ceb6bf224d9991539a49f14c2",
        "type": "github"
      },
      "original": {
        "owner": "an-empty-string",
        "ref": "tris-patches",
        "repo": "wlroots-hacks",
        "type": "github"
      }
    }
  },
  "root": "root",
  "version": 7
}
